
Microsoft Visual Studio Solution File, Format Version 12.00
# Visual Studio Version 16
VisualStudioVersion = 16.0.31515.178
MinimumVisualStudioVersion = 10.0.40219.1
Project("{FAE04EC0-301F-11D3-BF4B-00C04F79EFBC}") = "GerenciadorJogos", "GerenciadorJogos\GerenciadorJogos.csproj", "{089C676D-2BDA-475F-B188-0A52205B01B7}"
EndProject
Global
	GlobalSection(SolutionConfigurationPlatforms) = preSolution
		Debug|Any CPU = Debug|Any CPU
		Release|Any CPU = Release|Any CPU
	EndGlobalSection
	GlobalSection(ProjectConfigurationPlatforms) = postSolution
		{089C676D-2BDA-475F-B188-0A52205B01B7}.Debug|Any CPU.ActiveCfg = Debug|Any CPU
		{089C676D-2BDA-475F-B188-0A52205B01B7}.Debug|Any CPU.Build.0 = Debug|Any CPU
		{089C676D-2BDA-475F-B188-0A52205B01B7}.Release|Any CPU.ActiveCfg = Release|Any CPU
		{089C676D-2BDA-475F-B188-0A52205B01B7}.Release|Any CPU.Build.0 = Release|Any CPU
	EndGlobalSection
	GlobalSection(SolutionProperties) = preSolution
		HideSolutionNode = FALSE
	EndGlobalSection
	GlobalSection(ExtensibilityGlobals) = postSolution
		SolutionGuid = {286FDA2C-79CA-42A0-AF18-35E80641F014}
	EndGlobalSection
EndGlobal
